
Microsoft Visual Studio Solution File, Format Version 12.00
# Visual Studio 15
VisualStudioVersion = 15.0.27130.2010
MinimumVisualStudioVersion = 10.0.40219.1
Project("{FAE04EC0-301F-11D3-BF4B-00C04F79EFBC}") = "Console shooter test", "Console shooter test\Console shooter test.csproj", "{2267D29A-77A3-4CB0-B34C-2C984DA7AA90}"
EndProject
Global
	GlobalSection(SolutionConfigurationPlatforms) = preSolution
		Debug|Any CPU = Debug|Any CPU
		Release|Any CPU = Release|Any CPU
	EndGlobalSection
	GlobalSection(ProjectConfigurationPlatforms) = postSolution
		{2267D29A-77A3-4CB0-B34C-2C984DA7AA90}.Debug|Any CPU.ActiveCfg = Debug|Any CPU
		{2267D29A-77A3-4CB0-B34C-2C984DA7AA90}.Debug|Any CPU.Build.0 = Debug|Any CPU
		{2267D29A-77A3-4CB0-B34C-2C984DA7AA90}.Release|Any CPU.ActiveCfg = Release|Any CPU
		{2267D29A-77A3-4CB0-B34C-2C984DA7AA90}.Release|Any CPU.Build.0 = Release|Any CPU
	EndGlobalSection
	GlobalSection(SolutionProperties) = preSolution
		HideSolutionNode = FALSE
	EndGlobalSection
	GlobalSection(ExtensibilityGlobals) = postSolution
		SolutionGuid = {59690F49-70D5-4AC0-B7F7-D108A07F2BDA}
	EndGlobalSection
EndGlobal
